
Microsoft Visual Studio Solution File, Format Version 12.00
# Visual Studio 14
VisualStudioVersion = 14.0.25420.1
MinimumVisualStudioVersion = 10.0.40219.1
Project("{FAE04EC0-301F-11D3-BF4B-00C04F79EFBC}") = "Plugin.Xablu.Walkthrough", "Xablu.Walkthrough\Plugin.Xablu.Walkthrough\Plugin.Xablu.Walkthrough.csproj", "{45A15124-007C-4D29-8DAE-3F96C608DAF0}"
EndProject
Project("{FAE04EC0-301F-11D3-BF4B-00C04F79EFBC}") = "Plugin.Xablu.Walkthrough.Abstractions", "Xablu.Walkthrough\Plugin.Xablu.Walkthrough.Abstractions\Plugin.Xablu.Walkthrough.Abstractions.csproj", "{D3AAFBA5-2193-45C8-AB44-374F4DC32531}"
EndProject
Project("{FAE04EC0-301F-11D3-BF4B-00C04F79EFBC}") = "Plugin.Xablu.Walkthrough.iOS", "Xablu.Walkthrough\Plugin.Xablu.Walkthrough.iOS\Plugin.Xablu.Walkthrough.iOS.csproj", "{67A0C034-4682-4CBF-8789-D43987319DB2}"
EndProject
Project("{FAE04EC0-301F-11D3-BF4B-00C04F79EFBC}") = "WalkthroughSample", "sample\WalkthroughSample\WalkthroughSample.csproj", "{8C6C4E4F-E291-43D6-BD11-B31626899499}"
EndProject
Project("{FAE04EC0-301F-11D3-BF4B-00C04F79EFBC}") = "WalkthroughSample.Droid", "sample\Droid\WalkthroughSample.Droid.csproj", "{CE0F5FF5-ABEC-4F43-894B-626BCFF25618}"
EndProject
Project("{FAE04EC0-301F-11D3-BF4B-00C04F79EFBC}") = "WalkthroughSample.iOS", "sample\iOS\WalkthroughSample.iOS.csproj", "{E9A93114-BAE3-454E-B444-F2C6055FF96D}"
EndProject
Project("{FAE04EC0-301F-11D3-BF4B-00C04F79EFBC}") = "Plugin.Xablu.Walkthrough.Android", "Xablu.Walkthrough\Plugin.Xablu.Walkthrough.Android\Plugin.Xablu.Walkthrough.Android.csproj", "{8B91C092-F91A-43B1-B8F8-3A57D47B9CAE}"
EndProject
Global
	GlobalSection(SolutionConfigurationPlatforms) = preSolution
		Debug|Any CPU = Debug|Any CPU
		Debug|ARM = Debug|ARM
		Debug|x64 = Debug|x64
		Debug|x86 = Debug|x86
		Release|Any CPU = Release|Any CPU
		Release|ARM = Release|ARM
		Release|x64 = Release|x64
		Release|x86 = Release|x86
		Debug|iPhoneSimulator = Debug|iPhoneSimulator
		Release|iPhone = Release|iPhone
		Release|iPhoneSimulator = Release|iPhoneSimulator
		Debug|iPhone = Debug|iPhone
	EndGlobalSection
	GlobalSection(ProjectConfigurationPlatforms) = postSolution
		{45A15124-007C-4D29-8DAE-3F96C608DAF0}.Debug|Any CPU.ActiveCfg = Debug|Any CPU
		{45A15124-007C-4D29-8DAE-3F96C608DAF0}.Debug|Any CPU.Build.0 = Debug|Any CPU
		{45A15124-007C-4D29-8DAE-3F96C608DAF0}.Debug|ARM.ActiveCfg = Debug|Any CPU
		{45A15124-007C-4D29-8DAE-3F96C608DAF0}.Debug|ARM.Build.0 = Debug|Any CPU
		{45A15124-007C-4D29-8DAE-3F96C608DAF0}.Debug|x64.ActiveCfg = Debug|Any CPU
		{45A15124-007C-4D29-8DAE-3F96C608DAF0}.Debug|x64.Build.0 = Debug|Any CPU
		{45A15124-007C-4D29-8DAE-3F96C608DAF0}.Debug|x86.ActiveCfg = Debug|Any CPU
		{45A15124-007C-4D29-8DAE-3F96C608DAF0}.Debug|x86.Build.0 = Debug|Any CPU
		{45A15124-007C-4D29-8DAE-3F96C608DAF0}.Release|Any CPU.ActiveCfg = Release|Any CPU
		{45A15124-007C-4D29-8DAE-3F96C608DAF0}.Release|Any CPU.Build.0 = Release|Any CPU
		{45A15124-007C-4D29-8DAE-3F96C608DAF0}.Release|ARM.ActiveCfg = Release|Any CPU
		{45A15124-007C-4D29-8DAE-3F96C608DAF0}.Release|ARM.Build.0 = Release|Any CPU
		{45A15124-007C-4D29-8DAE-3F96C608DAF0}.Release|x64.ActiveCfg = Release|Any CPU
		{45A15124-007C-4D29-8DAE-3F96C608DAF0}.Release|x64.Build.0 = Release|Any CPU
		{45A15124-007C-4D29-8DAE-3F96C608DAF0}.Release|x86.ActiveCfg = Release|Any CPU
		{45A15124-007C-4D29-8DAE-3F96C608DAF0}.Release|x86.Build.0 = Release|Any CPU
		{45A15124-007C-4D29-8DAE-3F96C608DAF0}.Debug|iPhoneSimulator.ActiveCfg = Debug|Any CPU
		{45A15124-007C-4D29-8DAE-3F96C608DAF0}.Debug|iPhoneSimulator.Build.0 = Debug|Any CPU
		{45A15124-007C-4D29-8DAE-3F96C608DAF0}.Release|iPhone.ActiveCfg = Release|Any CPU
		{45A15124-007C-4D29-8DAE-3F96C608DAF0}.Release|iPhone.Build.0 = Release|Any CPU
		{45A15124-007C-4D29-8DAE-3F96C608DAF0}.Release|iPhoneSimulator.ActiveCfg = Release|Any CPU
		{45A15124-007C-4D29-8DAE-3F96C608DAF0}.Release|iPhoneSimulator.Build.0 = Release|Any CPU
		{45A15124-007C-4D29-8DAE-3F96C608DAF0}.Debug|iPhone.ActiveCfg = Debug|Any CPU
		{45A15124-007C-4D29-8DAE-3F96C608DAF0}.Debug|iPhone.Build.0 = Debug|Any CPU
		{D3AAFBA5-2193-45C8-AB44-374F4DC32531}.Debug|Any CPU.ActiveCfg = Debug|Any CPU
		{D3AAFBA5-2193-45C8-AB44-374F4DC32531}.Debug|Any CPU.Build.0 = Debug|Any CPU
		{D3AAFBA5-2193-45C8-AB44-374F4DC32531}.Debug|ARM.ActiveCfg = Debug|Any CPU
		{D3AAFBA5-2193-45C8-AB44-374F4DC32531}.Debug|ARM.Build.0 = Debug|Any CPU
		{D3AAFBA5-2193-45C8-AB44-374F4DC32531}.Debug|x64.ActiveCfg = Debug|Any CPU
		{D3AAFBA5-2193-45C8-AB44-374F4DC32531}.Debug|x64.Build.0 = Debug|Any CPU
		{D3AAFBA5-2193-45C8-AB44-374F4DC32531}.Debug|x86.ActiveCfg = Debug|Any CPU
		{D3AAFBA5-2193-45C8-AB44-374F4DC32531}.Debug|x86.Build.0 = Debug|Any CPU
		{D3AAFBA5-2193-45C8-AB44-374F4DC32531}.Release|Any CPU.ActiveCfg = Release|Any CPU
		{D3AAFBA5-2193-45C8-AB44-374F4DC32531}.Release|Any CPU.Build.0 = Release|Any CPU
		{D3AAFBA5-2193-45C8-AB44-374F4DC32531}.Release|ARM.ActiveCfg = Release|Any CPU
		{D3AAFBA5-2193-45C8-AB44-374F4DC32531}.Release|ARM.Build.0 = Release|Any CPU
		{D3AAFBA5-2193-45C8-AB44-374F4DC32531}.Release|x64.ActiveCfg = Release|Any CPU
		{D3AAFBA5-2193-45C8-AB44-374F4DC32531}.Release|x64.Build.0 = Release|Any CPU
		{D3AAFBA5-2193-45C8-AB44-374F4DC32531}.Release|x86.ActiveCfg = Release|Any CPU
		{D3AAFBA5-2193-45C8-AB44-374F4DC32531}.Release|x86.Build.0 = Release|Any CPU
		{D3AAFBA5-2193-45C8-AB44-374F4DC32531}.Debug|iPhoneSimulator.ActiveCfg = Debug|Any CPU
		{D3AAFBA5-2193-45C8-AB44-374F4DC32531}.Debug|iPhoneSimulator.Build.0 = Debug|Any CPU
		{D3AAFBA5-2193-45C8-AB44-374F4DC32531}.Release|iPhone.ActiveCfg = Release|Any CPU
		{D3AAFBA5-2193-45C8-AB44-374F4DC32531}.Release|iPhone.Build.0 = Release|Any CPU
		{D3AAFBA5-2193-45C8-AB44-374F4DC32531}.Release|iPhoneSimulator.ActiveCfg = Release|Any CPU
		{D3AAFBA5-2193-45C8-AB44-374F4DC32531}.Release|iPhoneSimulator.Build.0 = Release|Any CPU
		{D3AAFBA5-2193-45C8-AB44-374F4DC32531}.Debug|iPhone.ActiveCfg = Debug|Any CPU
		{D3AAFBA5-2193-45C8-AB44-374F4DC32531}.Debug|iPhone.Build.0 = Debug|Any CPU
		{67A0C034-4682-4CBF-8789-D43987319DB2}.Debug|Any CPU.ActiveCfg = Debug|Any CPU
		{67A0C034-4682-4CBF-8789-D43987319DB2}.Debug|Any CPU.Build.0 = Debug|Any CPU
		{67A0C034-4682-4CBF-8789-D43987319DB2}.Debug|ARM.ActiveCfg = Debug|Any CPU
		{67A0C034-4682-4CBF-8789-D43987319DB2}.Debug|ARM.Build.0 = Debug|Any CPU
		{67A0C034-4682-4CBF-8789-D43987319DB2}.Debug|x64.ActiveCfg = Debug|Any CPU
		{67A0C034-4682-4CBF-8789-D43987319DB2}.Debug|x64.Build.0 = Debug|Any CPU
		{67A0C034-4682-4CBF-8789-D43987319DB2}.Debug|x86.ActiveCfg = Debug|Any CPU
		{67A0C034-4682-4CBF-8789-D43987319DB2}.Debug|x86.Build.0 = Debug|Any CPU
		{67A0C034-4682-4CBF-8789-D43987319DB2}.Release|Any CPU.ActiveCfg = Release|Any CPU
		{67A0C034-4682-4CBF-8789-D43987319DB2}.Release|Any CPU.Build.0 = Release|Any CPU
		{67A0C034-4682-4CBF-8789-D43987319DB2}.Release|ARM.ActiveCfg = Release|Any CPU
		{67A0C034-4682-4CBF-8789-D43987319DB2}.Release|ARM.Build.0 = Release|Any CPU
		{67A0C034-4682-4CBF-8789-D43987319DB2}.Release|x64.ActiveCfg = Release|Any CPU
		{67A0C034-4682-4CBF-8789-D43987319DB2}.Release|x64.Build.0 = Release|Any CPU
		{67A0C034-4682-4CBF-8789-D43987319DB2}.Release|x86.ActiveCfg = Release|Any CPU
		{67A0C034-4682-4CBF-8789-D43987319DB2}.Release|x86.Build.0 = Release|Any CPU
		{67A0C034-4682-4CBF-8789-D43987319DB2}.Debug|iPhoneSimulator.ActiveCfg = Debug|Any CPU
		{67A0C034-4682-4CBF-8789-D43987319DB2}.Debug|iPhoneSimulator.Build.0 = Debug|Any CPU
		{67A0C034-4682-4CBF-8789-D43987319DB2}.Release|iPhone.ActiveCfg = Release|Any CPU
		{67A0C034-4682-4CBF-8789-D43987319DB2}.Release|iPhone.Build.0 = Release|Any CPU
		{67A0C034-4682-4CBF-8789-D43987319DB2}.Release|iPhoneSimulator.ActiveCfg = Release|Any CPU
		{67A0C034-4682-4CBF-8789-D43987319DB2}.Release|iPhoneSimulator.Build.0 = Release|Any CPU
		{67A0C034-4682-4CBF-8789-D43987319DB2}.Debug|iPhone.ActiveCfg = Debug|Any CPU
		{67A0C034-4682-4CBF-8789-D43987319DB2}.Debug|iPhone.Build.0 = Debug|Any CPU
		{8C6C4E4F-E291-43D6-BD11-B31626899499}.Debug|Any CPU.ActiveCfg = Debug|Any CPU
		{8C6C4E4F-E291-43D6-BD11-B31626899499}.Debug|Any CPU.Build.0 = Debug|Any CPU
		{8C6C4E4F-E291-43D6-BD11-B31626899499}.Debug|ARM.ActiveCfg = Debug|Any CPU
		{8C6C4E4F-E291-43D6-BD11-B31626899499}.Debug|ARM.Build.0 = Debug|Any CPU
		{8C6C4E4F-E291-43D6-BD11-B31626899499}.Debug|x64.ActiveCfg = Debug|Any CPU
		{8C6C4E4F-E291-43D6-BD11-B31626899499}.Debug|x64.Build.0 = Debug|Any CPU
		{8C6C4E4F-E291-43D6-BD11-B31626899499}.Debug|x86.ActiveCfg = Debug|Any CPU
		{8C6C4E4F-E291-43D6-BD11-B31626899499}.Debug|x86.Build.0 = Debug|Any CPU
		{8C6C4E4F-E291-43D6-BD11-B31626899499}.Release|Any CPU.ActiveCfg = Release|Any CPU
		{8C6C4E4F-E291-43D6-BD11-B31626899499}.Release|Any CPU.Build.0 = Release|Any CPU
		{8C6C4E4F-E291-43D6-BD11-B31626899499}.Release|ARM.ActiveCfg = Release|Any CPU
		{8C6C4E4F-E291-43D6-BD11-B31626899499}.Release|ARM.Build.0 = Release|Any CPU
		{8C6C4E4F-E291-43D6-BD11-B31626899499}.Release|x64.ActiveCfg = Release|Any CPU
		{8C6C4E4F-E291-43D6-BD11-B31626899499}.Release|x64.Build.0 = Release|Any CPU
		{8C6C4E4F-E291-43D6-BD11-B31626899499}.Release|x86.ActiveCfg = Release|Any CPU
		{8C6C4E4F-E291-43D6-BD11-B31626899499}.Release|x86.Build.0 = Release|Any CPU
		{8C6C4E4F-E291-43D6-BD11-B31626899499}.Debug|iPhoneSimulator.ActiveCfg = Debug|Any CPU
		{8C6C4E4F-E291-43D6-BD11-B31626899499}.Debug|iPhoneSimulator.Build.0 = Debug|Any CPU
		{8C6C4E4F-E291-43D6-BD11-B31626899499}.Release|iPhone.ActiveCfg = Release|Any CPU
		{8C6C4E4F-E291-43D6-BD11-B31626899499}.Release|iPhone.Build.0 = Release|Any CPU
		{8C6C4E4F-E291-43D6-BD11-B31626899499}.Release|iPhoneSimulator.ActiveCfg = Release|Any CPU
		{8C6C4E4F-E291-43D6-BD11-B31626899499}.Release|iPhoneSimulator.Build.0 = Release|Any CPU
		{8C6C4E4F-E291-43D6-BD11-B31626899499}.Debug|iPhone.ActiveCfg = Debug|Any CPU
		{8C6C4E4F-E291-43D6-BD11-B31626899499}.Debug|iPhone.Build.0 = Debug|Any CPU
		{CE0F5FF5-ABEC-4F43-894B-626BCFF25618}.Debug|Any CPU.ActiveCfg = Debug|Any CPU
		{CE0F5FF5-ABEC-4F43-894B-626BCFF25618}.Debug|Any CPU.Build.0 = Debug|Any CPU
		{CE0F5FF5-ABEC-4F43-894B-626BCFF25618}.Debug|ARM.ActiveCfg = Debug|Any CPU
		{CE0F5FF5-ABEC-4F43-894B-626BCFF25618}.Debug|ARM.Build.0 = Debug|Any CPU
		{CE0F5FF5-ABEC-4F43-894B-626BCFF25618}.Debug|x64.ActiveCfg = Debug|Any CPU
		{CE0F5FF5-ABEC-4F43-894B-626BCFF25618}.Debug|x64.Build.0 = Debug|Any CPU
		{CE0F5FF5-ABEC-4F43-894B-626BCFF25618}.Debug|x86.ActiveCfg = Debug|Any CPU
		{CE0F5FF5-ABEC-4F43-894B-626BCFF25618}.Debug|x86.Build.0 = Debug|Any CPU
		{CE0F5FF5-ABEC-4F43-894B-626BCFF25618}.Release|Any CPU.ActiveCfg = Release|Any CPU
		{CE0F5FF5-ABEC-4F43-894B-626BCFF25618}.Release|Any CPU.Build.0 = Release|Any CPU
		{CE0F5FF5-ABEC-4F43-894B-626BCFF25618}.Release|ARM.ActiveCfg = Release|Any CPU
		{CE0F5FF5-ABEC-4F43-894B-626BCFF25618}.Release|ARM.Build.0 = Release|Any CPU
		{CE0F5FF5-ABEC-4F43-894B-626BCFF25618}.Release|x64.ActiveCfg = Release|Any CPU
		{CE0F5FF5-ABEC-4F43-894B-626BCFF25618}.Release|x64.Build.0 = Release|Any CPU
		{CE0F5FF5-ABEC-4F43-894B-626BCFF25618}.Release|x86.ActiveCfg = Release|Any CPU
		{CE0F5FF5-ABEC-4F43-894B-626BCFF25618}.Release|x86.Build.0 = Release|Any CPU
		{CE0F5FF5-ABEC-4F43-894B-626BCFF25618}.Debug|iPhoneSimulator.ActiveCfg = Debug|Any CPU
		{CE0F5FF5-ABEC-4F43-894B-626BCFF25618}.Debug|iPhoneSimulator.Build.0 = Debug|Any CPU
		{CE0F5FF5-ABEC-4F43-894B-626BCFF25618}.Release|iPhone.ActiveCfg = Release|Any CPU
		{CE0F5FF5-ABEC-4F43-894B-626BCFF25618}.Release|iPhone.Build.0 = Release|Any CPU
		{CE0F5FF5-ABEC-4F43-894B-626BCFF25618}.Release|iPhoneSimulator.ActiveCfg = Release|Any CPU
		{CE0F5FF5-ABEC-4F43-894B-626BCFF25618}.Release|iPhoneSimulator.Build.0 = Release|Any CPU
		{CE0F5FF5-ABEC-4F43-894B-626BCFF25618}.Debug|iPhone.ActiveCfg = Debug|Any CPU
		{CE0F5FF5-ABEC-4F43-894B-626BCFF25618}.Debug|iPhone.Build.0 = Debug|Any CPU
		{E9A93114-BAE3-454E-B444-F2C6055FF96D}.Debug|Any CPU.ActiveCfg = Debug|iPhoneSimulator
		{E9A93114-BAE3-454E-B444-F2C6055FF96D}.Debug|Any CPU.Build.0 = Debug|iPhoneSimulator
		{E9A93114-BAE3-454E-B444-F2C6055FF96D}.Debug|ARM.ActiveCfg = Debug|iPhoneSimulator
		{E9A93114-BAE3-454E-B444-F2C6055FF96D}.Debug|ARM.Build.0 = Debug|iPhoneSimulator
		{E9A93114-BAE3-454E-B444-F2C6055FF96D}.Debug|x64.ActiveCfg = Debug|iPhoneSimulator
		{E9A93114-BAE3-454E-B444-F2C6055FF96D}.Debug|x64.Build.0 = Debug|iPhoneSimulator
		{E9A93114-BAE3-454E-B444-F2C6055FF96D}.Debug|x86.ActiveCfg = Debug|iPhoneSimulator
		{E9A93114-BAE3-454E-B444-F2C6055FF96D}.Debug|x86.Build.0 = Debug|iPhoneSimulator
		{E9A93114-BAE3-454E-B444-F2C6055FF96D}.Release|Any CPU.ActiveCfg = Release|iPhone
		{E9A93114-BAE3-454E-B444-F2C6055FF96D}.Release|Any CPU.Build.0 = Release|iPhone
		{E9A93114-BAE3-454E-B444-F2C6055FF96D}.Release|ARM.ActiveCfg = Release|iPhone
		{E9A93114-BAE3-454E-B444-F2C6055FF96D}.Release|ARM.Build.0 = Release|iPhone
		{E9A93114-BAE3-454E-B444-F2C6055FF96D}.Release|x64.ActiveCfg = Release|iPhone
		{E9A93114-BAE3-454E-B444-F2C6055FF96D}.Release|x64.Build.0 = Release|iPhone
		{E9A93114-BAE3-454E-B444-F2C6055FF96D}.Release|x86.ActiveCfg = Release|iPhone
		{E9A93114-BAE3-454E-B444-F2C6055FF96D}.Release|x86.Build.0 = Release|iPhone
		{E9A93114-BAE3-454E-B444-F2C6055FF96D}.Debug|iPhoneSimulator.ActiveCfg = Debug|iPhoneSimulator
		{E9A93114-BAE3-454E-B444-F2C6055FF96D}.Debug|iPhoneSimulator.Build.0 = Debug|iPhoneSimulator
		{E9A93114-BAE3-454E-B444-F2C6055FF96D}.Release|iPhone.ActiveCfg = Release|iPhone
		{E9A93114-BAE3-454E-B444-F2C6055FF96D}.Release|iPhone.Build.0 = Release|iPhone
		{E9A93114-BAE3-454E-B444-F2C6055FF96D}.Release|iPhoneSimulator.ActiveCfg = Release|iPhoneSimulator
		{E9A93114-BAE3-454E-B444-F2C6055FF96D}.Release|iPhoneSimulator.Build.0 = Release|iPhoneSimulator
		{E9A93114-BAE3-454E-B444-F2C6055FF96D}.Debug|iPhone.ActiveCfg = Debug|iPhone
		{E9A93114-BAE3-454E-B444-F2C6055FF96D}.Debug|iPhone.Build.0 = Debug|iPhone
		{8B91C092-F91A-43B1-B8F8-3A57D47B9CAE}.Debug|Any CPU.ActiveCfg = Debug|Any CPU
		{8B91C092-F91A-43B1-B8F8-3A57D47B9CAE}.Debug|Any CPU.Build.0 = Debug|Any CPU
		{8B91C092-F91A-43B1-B8F8-3A57D47B9CAE}.Debug|ARM.ActiveCfg = Debug|Any CPU
		{8B91C092-F91A-43B1-B8F8-3A57D47B9CAE}.Debug|ARM.Build.0 = Debug|Any CPU
		{8B91C092-F91A-43B1-B8F8-3A57D47B9CAE}.Debug|x64.ActiveCfg = Debug|Any CPU
		{8B91C092-F91A-43B1-B8F8-3A57D47B9CAE}.Debug|x64.Build.0 = Debug|Any CPU
		{8B91C092-F91A-43B1-B8F8-3A57D47B9CAE}.Debug|x86.ActiveCfg = Debug|Any CPU
		{8B91C092-F91A-43B1-B8F8-3A57D47B9CAE}.Debug|x86.Build.0 = Debug|Any CPU
		{8B91C092-F91A-43B1-B8F8-3A57D47B9CAE}.Release|Any CPU.ActiveCfg = Release|Any CPU
		{8B91C092-F91A-43B1-B8F8-3A57D47B9CAE}.Release|Any CPU.Build.0 = Release|Any CPU
		{8B91C092-F91A-43B1-B8F8-3A57D47B9CAE}.Release|ARM.ActiveCfg = Release|Any CPU
		{8B91C092-F91A-43B1-B8F8-3A57D47B9CAE}.Release|ARM.Build.0 = Release|Any CPU
		{8B91C092-F91A-43B1-B8F8-3A57D47B9CAE}.Release|x64.ActiveCfg = Release|Any CPU
		{8B91C092-F91A-43B1-B8F8-3A57D47B9CAE}.Release|x64.Build.0 = Release|Any CPU
		{8B91C092-F91A-43B1-B8F8-3A57D47B9CAE}.Release|x86.ActiveCfg = Release|Any CPU
		{8B91C092-F91A-43B1-B8F8-3A57D47B9CAE}.Release|x86.Build.0 = Release|Any CPU
		{8B91C092-F91A-43B1-B8F8-3A57D47B9CAE}.Debug|iPhoneSimulator.ActiveCfg = Debug|Any CPU
		{8B91C092-F91A-43B1-B8F8-3A57D47B9CAE}.Debug|iPhoneSimulator.Build.0 = Debug|Any CPU
		{8B91C092-F91A-43B1-B8F8-3A57D47B9CAE}.Release|iPhone.ActiveCfg = Release|Any CPU
		{8B91C092-F91A-43B1-B8F8-3A57D47B9CAE}.Release|iPhone.Build.0 = Release|Any CPU
		{8B91C092-F91A-43B1-B8F8-3A57D47B9CAE}.Release|iPhoneSimulator.ActiveCfg = Release|Any CPU
		{8B91C092-F91A-43B1-B8F8-3A57D47B9CAE}.Release|iPhoneSimulator.Build.0 = Release|Any CPU
		{8B91C092-F91A-43B1-B8F8-3A57D47B9CAE}.Debug|iPhone.ActiveCfg = Debug|Any CPU
		{8B91C092-F91A-43B1-B8F8-3A57D47B9CAE}.Debug|iPhone.Build.0 = Debug|Any CPU
	EndGlobalSection
	GlobalSection(SolutionProperties) = preSolution
		HideSolutionNode = FALSE
	EndGlobalSection
EndGlobal
